
Microsoft Visual Studio Solution File, Format Version 12.00
# Visual Studio Version 17
VisualStudioVersion = 17.12.35527.113 d17.12
MinimumVisualStudioVersion = 10.0.40219.1
Project("{FAE04EC0-301F-11D3-BF4B-00C04F79EFBC}") = "CRUDinCoreMVC", "CRUDinCoreMVC\CRUDinCoreMVC.csproj", "{CFC6DF32-87DC-4F6F-A40D-467A8B62772F}"
EndProject
Global
	GlobalSection(SolutionConfigurationPlatforms) = preSolution
		Debug|Any CPU = Debug|Any CPU
		Release|Any CPU = Release|Any CPU
	EndGlobalSection
	GlobalSection(ProjectConfigurationPlatforms) = postSolution
		{CFC6DF32-87DC-4F6F-A40D-467A8B62772F}.Debug|Any CPU.ActiveCfg = Debug|Any CPU
		{CFC6DF32-87DC-4F6F-A40D-467A8B62772F}.Debug|Any CPU.Build.0 = Debug|Any CPU
		{CFC6DF32-87DC-4F6F-A40D-467A8B62772F}.Release|Any CPU.ActiveCfg = Release|Any CPU
		{CFC6DF32-87DC-4F6F-A40D-467A8B62772F}.Release|Any CPU.Build.0 = Release|Any CPU
	EndGlobalSection
	GlobalSection(SolutionProperties) = preSolution
		HideSolutionNode = FALSE
	EndGlobalSection
EndGlobal
